
Microsoft Visual Studio Solution File, Format Version 12.00
# Visual Studio Version 17
VisualStudioVersion = 17.7.34031.279
MinimumVisualStudioVersion = 10.0.40219.1
Project("{FAE04EC0-301F-11D3-BF4B-00C04F79EFBC}") = "Inventory Management", "Inventory Management.csproj", "{7F31A287-3394-40AD-9FE4-4A9C42D1C780}"
EndProject
Global
	GlobalSection(SolutionConfigurationPlatforms) = preSolution
		Debug|Any CPU = Debug|Any CPU
		Release|Any CPU = Release|Any CPU
	EndGlobalSection
	GlobalSection(ProjectConfigurationPlatforms) = postSolution
		{7F31A287-3394-40AD-9FE4-4A9C42D1C780}.Debug|Any CPU.ActiveCfg = Debug|Any CPU
		{7F31A287-3394-40AD-9FE4-4A9C42D1C780}.Debug|Any CPU.Build.0 = Debug|Any CPU
		{7F31A287-3394-40AD-9FE4-4A9C42D1C780}.Release|Any CPU.ActiveCfg = Release|Any CPU
		{7F31A287-3394-40AD-9FE4-4A9C42D1C780}.Release|Any CPU.Build.0 = Release|Any CPU
	EndGlobalSection
	GlobalSection(SolutionProperties) = preSolution
		HideSolutionNode = FALSE
	EndGlobalSection
	GlobalSection(ExtensibilityGlobals) = postSolution
		SolutionGuid = {53CD6D68-09A3-4117-8118-F816CB5DCA7C}
	EndGlobalSection
EndGlobal
